// !$*UTF8*$!
{
  archiveVersion = 1;
  classes = {};
  objectVersion = 56;
  objects = {
    /* Begin PBXBuildFile section */
    1D6058900D05DD3D006BFB54 /* AppDelegate.swift in Sources */ = { isa = PBXBuildFile; fileRef = 1D6058900D05DD3D006BFB57 /* AppDelegate.swift */; };
    1D6058900D05DD3D006BFB55 /* SceneDelegate.swift in Sources */ = { isa = PBXBuildFile; fileRef = 1D6058900D05DD3D006BFB58 /* SceneDelegate.swift */; };
    1D6058900D05DD3D006BFB56 /* ViewController.swift in Sources */ = { isa = PBXBuildFile; fileRef = 1D6058900D05DD3D006BFB59 /* ViewController.swift */; };
    1D6058900D05DD3D006BFB5A /* Main.storyboard in Resources */ = { isa = PBXBuildFile; fileRef = 1D6058900D05DD3D006BFB5D /* Main.storyboard */; };
    1D6058900D05DD3D006BFB5B /* LaunchScreen.storyboard in Resources */ = { isa = PBXBuildFile; fileRef = 1D6058900D05DD3D006BFB5E /* LaunchScreen.storyboard */; };
    1D6058900D05DD3D006BFB5C /* Info.plist in Resources */ = { isa = PBXBuildFile; fileRef = 1D6058900D05DD3D006BFB5F /* Info.plist */; };
    1D6058900D05DD3D006BFB5D /* Contents.json in Resources */ = { isa = PBXBuildFile; fileRef = 1D6058900D05DD3D006BFB60 /* Contents.json */; };
    /* End PBXBuildFile section */
    /* Begin PBXFileReference section */
    1D6058900D05DD3D006BFB57 /* AppDelegate.swift */ = { isa = PBXFileReference; lastKnownFileType = sourcecode.swift; name = AppDelegate.swift; path = AppDelegate.swift; sourceTree = "<group>"; };
    1D6058900D05DD3D006BFB58 /* SceneDelegate.swift */ = { isa = PBXFileReference; lastKnownFileType = sourcecode.swift; name = SceneDelegate.swift; path = SceneDelegate.swift; sourceTree = "<group>"; };
    1D6058900D05DD3D006BFB59 /* ViewController.swift */ = { isa = PBXFileReference; lastKnownFileType = sourcecode.swift; name = ViewController.swift; path = ViewController.swift; sourceTree = "<group>"; };
    1D6058900D05DD3D006BFB5D /* Main.storyboard */ = { isa = PBXFileReference; lastKnownFileType = file.storyboard; name = Main.storyboard; path = Base.lproj/Main.storyboard; sourceTree = "<group>"; };
    1D6058900D05DD3D006BFB5E /* LaunchScreen.storyboard */ = { isa = PBXFileReference; lastKnownFileType = file.storyboard; name = LaunchScreen.storyboard; path = LaunchScreen.storyboard; sourceTree = "<group>"; };
    1D6058900D05DD3D006BFB5F /* Info.plist */ = { isa = PBXFileReference; lastKnownFileType = text.plist.xml; name = Info.plist; path = Info.plist; sourceTree = "<group>"; };
    1D6058900D05DD3D006BFB60 /* Contents.json */ = { isa = PBXFileReference; lastKnownFileType = file.json; name = Contents.json; path = Assets.xcassets/Contents.json; sourceTree = "<group>"; };
    1D6058900D05DD3D006BFB61 /* AppIcon.appiconset */ = { isa = PBXFileReference; lastKnownFileType = folder.assetcatalog; name = AppIcon.appiconset; path = Assets.xcassets/AppIcon.appiconset; sourceTree = "<group>"; };
    1D6058900D05DD3D006BFB62 /* HermensMobileClient */ = { isa = PBXFileReference; lastKnownFileType = wrapper.application; name = HermensMobileClient; path = HermensMobileClient.app; sourceTree = "BUILT_PRODUCTS_DIR"; };
    1D6058900D05DD3D006BFB63 /* Products */ = { isa = PBXFileReference; lastKnownFileType = "folder"; name = Products; path = Products; sourceTree = "<group>"; };
    1D6058900D05DD3D006BFB64 /* HermensMobileClient */ = { isa = PBXFileReference; lastKnownFileType = wrapper.application; name = HermensMobileClient; path = HermensMobileClient.app; sourceTree = "BUILT_PRODUCTS_DIR"; };
    /* End PBXFileReference section */
    /* Begin PBXGroup section */
    1D6058900D05DD3D006BFB65 = { isa = PBXGroup; children = (
        1D6058900D05DD3D006BFB57,
        1D6058900D05DD3D006BFB58,
        1D6058900D05DD3D006BFB59,
        1D6058900D05DD3D006BFB5D,
        1D6058900D05DD3D006BFB5E,
        1D6058900D05DD3D006BFB5F,
        1D6058900D05DD3D006BFB61,
    ); name = "HermensMobileClient"; sourceTree = "<group>"; };
    1D6058900D05DD3D006BFB66 = { isa = PBXGroup; children = (
        1D6058900D05DD3D006BFB65,
        1D6058900D05DD3D006BFB63,
    ); name = ""; sourceTree = "<group>"; };
    /* End PBXGroup section */
    /* Begin PBXNativeTarget section */
    1D6058900D05DD3D006BFB67 /* HermensMobileClient */ = {
      isa = PBXNativeTarget;
      buildConfigurationList = 1D6058900D05DD3D006BFB68 /* Build configuration list for PBXNativeTarget "HermensMobileClient" */;
      buildPhases = (
        1D6058900D05DD3D006BFB69 /* Sources */,
        1D6058900D05DD3D006BFB6A /* Resources */,
      );
      buildRules = ();
      dependencies = ();
      name = "HermensMobileClient";
      productName = "HermensMobileClient";
      productReference = 1D6058900D05DD3D006BFB62 /* HermensMobileClient */;
      productType = "com.apple.product-type.application";
    };
    /* End PBXNativeTarget section */
    /* Begin PBXSourcesBuildPhase section */
    1D6058900D05DD3D006BFB69 = {
      isa = PBXSourcesBuildPhase;
      buildActionMask = 2147483647;
      files = (
        1D6058900D05DD3D006BFB54,
        1D6058900D05DD3D006BFB55,
        1D6058900D05DD3D006BFB56,
      );
      runOnlyForDeploymentPostprocessing = 0;
    };
    /* End PBXSourcesBuildPhase section */
    /* Begin PBXResourcesBuildPhase section */
    1D6058900D05DD3D006BFB6A = {
      isa = PBXResourcesBuildPhase;
      buildActionMask = 2147483647;
      files = (
        1D6058900D05DD3D006BFB5A,
        1D6058900D05DD3D006BFB5B,
        1D6058900D05DD3D006BFB5C,
        1D6058900D05DD3D006BFB5D,
      );
      runOnlyForDeploymentPostprocessing = 0;
    };
    /* End PBXResourcesBuildPhase section */
    /* Begin PBXProject section */
    1D6058900D05DD3D006BFB6B = {
      isa = PBXProject;
      attributes = {
        LastUpgradeCheck = 1340;
        ORGANIZATIONNAME = Hermens;
        TargetAttributes = {
          1D6058900D05DD3D006BFB67 = {
            CreatedOnToolsVersion = 14.0;
          };
        };
      };
      buildConfigurationList = 1D6058900D05DD3D006BFB6C;
      compatibilityVersion = "Xcode 14.0";
      developmentRegion = en;
      hasScannedForEncodings = 0;
      knownRegions = (
        en,
        Base,
      );
      mainGroup = 1D6058900D05DD3D006BFB66;
      productRefGroup = 1D6058900D05DD3D006BFB63;
      projectDirPath = "";
      projectRoot = "";
    };
    /* End PBXProject section */
    /* Begin XCBuildConfiguration section */
    1D6058900D05DD3D006BFB6D = {
      isa = XCBuildConfiguration;
      buildSettings = {
        ASSETCATALOG_COMPILER_APPICON_NAME = AppIcon;
        DEVELOPMENT_TEAM = "";
        INFOPLIST_FILE = Info.plist;
        IPHONEOS_DEPLOYMENT_TARGET = 15.0;
        LD_RUNPATH_SEARCH_PATHS = "$(inherited) @executable_path/Frameworks";
        PRODUCT_BUNDLE_IDENTIFIER = com.hermens.HermensMobileClient;
        PRODUCT_NAME = "$(TARGET_NAME)";
        SWIFT_VERSION = 5.0;
      };
      name = Debug;
    };
    1D6058900D05DD3D006BFB6E = {
      isa = XCBuildConfiguration;
      buildSettings = {
        ASSETCATALOG_COMPILER_APPICON_NAME = AppIcon;
        DEVELOPMENT_TEAM = "";
        INFOPLIST_FILE = Info.plist;
        IPHONEOS_DEPLOYMENT_TARGET = 15.0;
        LD_RUNPATH_SEARCH_PATHS = "$(inherited) @executable_path/Frameworks";
        PRODUCT_BUNDLE_IDENTIFIER = com.hermens.HermensMobileClient;
        PRODUCT_NAME = "$(TARGET_NAME)";
        SWIFT_VERSION = 5.0;
      };
      name = Release;
    };
    1D6058900D05DD3D006BFB68 = {
      isa = XCConfigurationList;
      buildConfigurations = (
        1D6058900D05DD3D006BFB6D,
        1D6058900D05DD3D006BFB6E,
      );
      defaultConfigurationIsVisible = 0;
      defaultConfigurationName = Debug;
    };
    1D6058900D05DD3D006BFB6C = {
      isa = XCConfigurationList;
      buildConfigurations = (
        1D6058900D05DD3D006BFB6D,
        1D6058900D05DD3D006BFB6E,
      );
      defaultConfigurationIsVisible = 0;
      defaultConfigurationName = Debug;
    };
    /* End XCBuildConfiguration section */
  };
  rootObject = 1D6058900D05DD3D006BFB6B;
}
